{
  "version": 4,
  "terraform_version": "0.12.28",
  "serial": 418,
  "lineage": "84bc6db3-2eec-d1cb-82c3-7f78398652e6",
  "outputs": {},
  "resources": [
    {
      "module": "module.ec2_client",
      "mode": "managed",
      "type": "aws_instance",
      "name": "client_os",
      "provider": "provider.aws",
      "instances": [
        {
          "schema_version": 1,
          "attributes": {
            "ami": "ami-045e6fa7127ab1ac4",
            "arn": "arn:aws:ec2:ap-south-1:265387499748:instance/i-0338297b26d5d8db3",
            "associate_public_ip_address": true,
            "availability_zone": "ap-south-1a",
            "cpu_core_count": 1,
            "cpu_threads_per_core": 1,
            "credit_specification": [
              {
                "cpu_credits": "standard"
              }
            ],
            "disable_api_termination": false,
            "ebs_block_device": [],
            "ebs_optimized": false,
            "enclave_options": [
              {
                "enabled": false
              }
            ],
            "ephemeral_block_device": [],
            "get_password_data": false,
            "hibernation": false,
            "host_id": null,
            "iam_instance_profile": "",
            "id": "i-0338297b26d5d8db3",
            "instance_initiated_shutdown_behavior": null,
            "instance_state": "running",
            "instance_type": "t2.micro",
            "ipv6_address_count": 0,
            "ipv6_addresses": [],
            "key_name": "key_for_k8s_master",
            "metadata_options": [
              {
                "http_endpoint": "enabled",
                "http_put_response_hop_limit": 1,
                "http_tokens": "optional"
              }
            ],
            "monitoring": false,
            "network_interface": [],
            "outpost_arn": "",
            "password_data": "",
            "placement_group": "",
            "primary_network_interface_id": "eni-09dcbb0cff548fd0b",
            "private_dns": "ip-192-168-0-79.ap-south-1.compute.internal",
            "private_ip": "192.168.0.79",
            "public_dns": "",
            "public_ip": "65.0.95.56",
            "root_block_device": [
              {
                "delete_on_termination": true,
                "device_name": "/dev/xvda",
                "encrypted": false,
                "iops": 100,
                "kms_key_id": "",
                "tags": {},
                "throughput": 0,
                "volume_id": "vol-07f806a64c90f7f87",
                "volume_size": 8,
                "volume_type": "gp2"
              }
            ],
            "secondary_private_ips": [],
            "security_groups": [],
            "source_dest_check": true,
            "subnet_id": "subnet-028149f39de06adb3",
            "tags": {
              "Name": "Client"
            },
            "tenancy": "default",
            "timeouts": null,
            "user_data": null,
            "user_data_base64": null,
            "volume_tags": null,
            "vpc_security_group_ids": [
              "sg-0eb43582abb41e176"
            ]
          },
          "private": "eyJlMmJmYjczMC1lY2FhLTExZTYtOGY4OC0zNDM2M2JjN2M0YzAiOnsiY3JlYXRlIjo2MDAwMDAwMDAwMDAsImRlbGV0ZSI6MTIwMDAwMDAwMDAwMCwidXBkYXRlIjo2MDAwMDAwMDAwMDB9LCJzY2hlbWFfdmVyc2lvbiI6IjEifQ==",
          "dependencies": [
            "module.ec2_datanode.aws_instance.hadoop_os_slave",
            "module.ec2_jobtracker.aws_instance.hadoop_os_jobtracker",
            "module.ec2_namenode.aws_instance.hadoop_os",
            "module.ec2_tasktracker.aws_instance.hadoop_tasktracker",
            "module.keypair.tls_private_key.mynewkey_for_hadoop",
            "module.sg.aws_security_group.mysg",
            "module.vpc.aws_subnet.public",
            "module.vpc.aws_vpc.ownvpc"
          ]
        }
      ]
    },
    {
      "module": "module.ec2_namenode",
      "mode": "managed",
      "type": "aws_instance",
      "name": "hadoop_os",
      "provider": "provider.aws",
      "instances": [
        {
          "schema_version": 1,
          "attributes": {
            "ami": "ami-045e6fa7127ab1ac4",
            "arn": "arn:aws:ec2:ap-south-1:265387499748:instance/i-01adc69b57a33866f",
            "associate_public_ip_address": true,
            "availability_zone": "ap-south-1a",
            "cpu_core_count": 1,
            "cpu_threads_per_core": 1,
            "credit_specification": [
              {
                "cpu_credits": "standard"
              }
            ],
            "disable_api_termination": false,
            "ebs_block_device": [],
            "ebs_optimized": false,
            "enclave_options": [
              {
                "enabled": false
              }
            ],
            "ephemeral_block_device": [],
            "get_password_data": false,
            "hibernation": false,
            "host_id": null,
            "iam_instance_profile": "",
            "id": "i-01adc69b57a33866f",
            "instance_initiated_shutdown_behavior": null,
            "instance_state": "running",
            "instance_type": "t2.micro",
            "ipv6_address_count": 0,
            "ipv6_addresses": [],
            "key_name": "key_for_k8s_master",
            "metadata_options": [
              {
                "http_endpoint": "enabled",
                "http_put_response_hop_limit": 1,
                "http_tokens": "optional"
              }
            ],
            "monitoring": false,
            "network_interface": [],
            "outpost_arn": "",
            "password_data": "",
            "placement_group": "",
            "primary_network_interface_id": "eni-0cd498deb079a1a1c",
            "private_dns": "ip-192-168-0-32.ap-south-1.compute.internal",
            "private_ip": "192.168.0.32",
            "public_dns": "",
            "public_ip": "13.234.20.167",
            "root_block_device": [
              {
                "delete_on_termination": true,
                "device_name": "/dev/xvda",
                "encrypted": false,
                "iops": 100,
                "kms_key_id": "",
                "tags": {},
                "throughput": 0,
                "volume_id": "vol-09c1e5326f405edeb",
                "volume_size": 8,
                "volume_type": "gp2"
              }
            ],
            "secondary_private_ips": [],
            "security_groups": [],
            "source_dest_check": true,
            "subnet_id": "subnet-028149f39de06adb3",
            "tags": {
              "Name": "NameNode"
            },
            "tenancy": "default",
            "timeouts": null,
            "user_data": null,
            "user_data_base64": null,
            "volume_tags": null,
            "vpc_security_group_ids": [
              "sg-0eb43582abb41e176"
            ]
          },
          "private": "eyJlMmJmYjczMC1lY2FhLTExZTYtOGY4OC0zNDM2M2JjN2M0YzAiOnsiY3JlYXRlIjo2MDAwMDAwMDAwMDAsImRlbGV0ZSI6MTIwMDAwMDAwMDAwMCwidXBkYXRlIjo2MDAwMDAwMDAwMDB9LCJzY2hlbWFfdmVyc2lvbiI6IjEifQ==",
          "dependencies": [
            "module.keypair.tls_private_key.mynewkey_for_hadoop",
            "module.sg.aws_security_group.mysg",
            "module.vpc.aws_subnet.public",
            "module.vpc.aws_vpc.ownvpc"
          ]
        }
      ]
    },
    {
      "module": "module.ec2_jobtracker",
      "mode": "managed",
      "type": "aws_instance",
      "name": "hadoop_os_jobtracker",
      "provider": "provider.aws",
      "instances": [
        {
          "schema_version": 1,
          "attributes": {
            "ami": "ami-045e6fa7127ab1ac4",
            "arn": "arn:aws:ec2:ap-south-1:265387499748:instance/i-051b2c8a77f9a2989",
            "associate_public_ip_address": true,
            "availability_zone": "ap-south-1a",
            "cpu_core_count": 1,
            "cpu_threads_per_core": 1,
            "credit_specification": [
              {
                "cpu_credits": "standard"
              }
            ],
            "disable_api_termination": false,
            "ebs_block_device": [],
            "ebs_optimized": false,
            "enclave_options": [
              {
                "enabled": false
              }
            ],
            "ephemeral_block_device": [],
            "get_password_data": false,
            "hibernation": false,
            "host_id": null,
            "iam_instance_profile": "",
            "id": "i-051b2c8a77f9a2989",
            "instance_initiated_shutdown_behavior": null,
            "instance_state": "running",
            "instance_type": "t2.micro",
            "ipv6_address_count": 0,
            "ipv6_addresses": [],
            "key_name": "key_for_k8s_master",
            "metadata_options": [
              {
                "http_endpoint": "enabled",
                "http_put_response_hop_limit": 1,
                "http_tokens": "optional"
              }
            ],
            "monitoring": false,
            "network_interface": [],
            "outpost_arn": "",
            "password_data": "",
            "placement_group": "",
            "primary_network_interface_id": "eni-0cb0af74e87f90a39",
            "private_dns": "ip-192-168-0-42.ap-south-1.compute.internal",
            "private_ip": "192.168.0.42",
            "public_dns": "",
            "public_ip": "3.108.185.158",
            "root_block_device": [
              {
                "delete_on_termination": true,
                "device_name": "/dev/xvda",
                "encrypted": false,
                "iops": 100,
                "kms_key_id": "",
                "tags": {},
                "throughput": 0,
                "volume_id": "vol-0ce13eccad8061906",
                "volume_size": 8,
                "volume_type": "gp2"
              }
            ],
            "secondary_private_ips": [],
            "security_groups": [],
            "source_dest_check": true,
            "subnet_id": "subnet-028149f39de06adb3",
            "tags": {
              "Name": "JobTracker"
            },
            "tenancy": "default",
            "timeouts": null,
            "user_data": null,
            "user_data_base64": null,
            "volume_tags": null,
            "vpc_security_group_ids": [
              "sg-0eb43582abb41e176"
            ]
          },
          "private": "eyJlMmJmYjczMC1lY2FhLTExZTYtOGY4OC0zNDM2M2JjN2M0YzAiOnsiY3JlYXRlIjo2MDAwMDAwMDAwMDAsImRlbGV0ZSI6MTIwMDAwMDAwMDAwMCwidXBkYXRlIjo2MDAwMDAwMDAwMDB9LCJzY2hlbWFfdmVyc2lvbiI6IjEifQ==",
          "dependencies": [
            "module.ec2_datanode.aws_instance.hadoop_os_slave",
            "module.ec2_namenode.aws_instance.hadoop_os",
            "module.keypair.tls_private_key.mynewkey_for_hadoop",
            "module.sg.aws_security_group.mysg",
            "module.vpc.aws_subnet.public",
            "module.vpc.aws_vpc.ownvpc"
          ]
        }
      ]
    },
    {
      "module": "module.ec2_datanode",
      "mode": "managed",
      "type": "aws_instance",
      "name": "hadoop_os_slave",
      "each": "list",
      "provider": "provider.aws",
      "instances": [
        {
          "index_key": 0,
          "schema_version": 1,
          "attributes": {
            "ami": "ami-045e6fa7127ab1ac4",
            "arn": "arn:aws:ec2:ap-south-1:265387499748:instance/i-0d9000a2af8886b81",
            "associate_public_ip_address": true,
            "availability_zone": "ap-south-1a",
            "cpu_core_count": 1,
            "cpu_threads_per_core": 1,
            "credit_specification": [
              {
                "cpu_credits": "standard"
              }
            ],
            "disable_api_termination": false,
            "ebs_block_device": [],
            "ebs_optimized": false,
            "enclave_options": [
              {
                "enabled": false
              }
            ],
            "ephemeral_block_device": [],
            "get_password_data": false,
            "hibernation": false,
            "host_id": null,
            "iam_instance_profile": "",
            "id": "i-0d9000a2af8886b81",
            "instance_initiated_shutdown_behavior": null,
            "instance_state": "running",
            "instance_type": "t2.micro",
            "ipv6_address_count": 0,
            "ipv6_addresses": [],
            "key_name": "key_for_k8s_master",
            "metadata_options": [
              {
                "http_endpoint": "enabled",
                "http_put_response_hop_limit": 1,
                "http_tokens": "optional"
              }
            ],
            "monitoring": false,
            "network_interface": [],
            "outpost_arn": "",
            "password_data": "",
            "placement_group": "",
            "primary_network_interface_id": "eni-058b9367cf2e3af8e",
            "private_dns": "ip-192-168-0-236.ap-south-1.compute.internal",
            "private_ip": "192.168.0.236",
            "public_dns": "",
            "public_ip": "65.0.29.95",
            "root_block_device": [
              {
                "delete_on_termination": true,
                "device_name": "/dev/xvda",
                "encrypted": false,
                "iops": 100,
                "kms_key_id": "",
                "tags": {},
                "throughput": 0,
                "volume_id": "vol-07df144cfc82eb0f1",
                "volume_size": 8,
                "volume_type": "gp2"
              }
            ],
            "secondary_private_ips": [],
            "security_groups": [],
            "source_dest_check": true,
            "subnet_id": "subnet-028149f39de06adb3",
            "tags": {
              "Name": "DataNode 0"
            },
            "tenancy": "default",
            "timeouts": null,
            "user_data": null,
            "user_data_base64": null,
            "volume_tags": null,
            "vpc_security_group_ids": [
              "sg-0eb43582abb41e176"
            ]
          },
          "private": "eyJlMmJmYjczMC1lY2FhLTExZTYtOGY4OC0zNDM2M2JjN2M0YzAiOnsiY3JlYXRlIjo2MDAwMDAwMDAwMDAsImRlbGV0ZSI6MTIwMDAwMDAwMDAwMCwidXBkYXRlIjo2MDAwMDAwMDAwMDB9LCJzY2hlbWFfdmVyc2lvbiI6IjEifQ==",
          "dependencies": [
            "module.ec2_namenode.aws_instance.hadoop_os",
            "module.keypair.tls_private_key.mynewkey_for_hadoop",
            "module.sg.aws_security_group.mysg",
            "module.vpc.aws_subnet.public",
            "module.vpc.aws_vpc.ownvpc"
          ]
        },
        {
          "index_key": 1,
          "schema_version": 1,
          "attributes": {
            "ami": "ami-045e6fa7127ab1ac4",
            "arn": "arn:aws:ec2:ap-south-1:265387499748:instance/i-0b7c52b47b23f0ff0",
            "associate_public_ip_address": true,
            "availability_zone": "ap-south-1a",
            "cpu_core_count": 1,
            "cpu_threads_per_core": 1,
            "credit_specification": [
              {
                "cpu_credits": "standard"
              }
            ],
            "disable_api_termination": false,
            "ebs_block_device": [],
            "ebs_optimized": false,
            "enclave_options": [
              {
                "enabled": false
              }
            ],
            "ephemeral_block_device": [],
            "get_password_data": false,
            "hibernation": false,
            "host_id": null,
            "iam_instance_profile": "",
            "id": "i-0b7c52b47b23f0ff0",
            "instance_initiated_shutdown_behavior": null,
            "instance_state": "running",
            "instance_type": "t2.micro",
            "ipv6_address_count": 0,
            "ipv6_addresses": [],
            "key_name": "key_for_k8s_master",
            "metadata_options": [
              {
                "http_endpoint": "enabled",
                "http_put_response_hop_limit": 1,
                "http_tokens": "optional"
              }
            ],
            "monitoring": false,
            "network_interface": [],
            "outpost_arn": "",
            "password_data": "",
            "placement_group": "",
            "primary_network_interface_id": "eni-02d7b5c73590e762b",
            "private_dns": "ip-192-168-0-233.ap-south-1.compute.internal",
            "private_ip": "192.168.0.233",
            "public_dns": "",
            "public_ip": "65.2.129.56",
            "root_block_device": [
              {
                "delete_on_termination": true,
                "device_name": "/dev/xvda",
                "encrypted": false,
                "iops": 100,
                "kms_key_id": "",
                "tags": {},
                "throughput": 0,
                "volume_id": "vol-0e83db58937d1e796",
                "volume_size": 8,
                "volume_type": "gp2"
              }
            ],
            "secondary_private_ips": [],
            "security_groups": [],
            "source_dest_check": true,
            "subnet_id": "subnet-028149f39de06adb3",
            "tags": {
              "Name": "DataNode 1"
            },
            "tenancy": "default",
            "timeouts": null,
            "user_data": null,
            "user_data_base64": null,
            "volume_tags": null,
            "vpc_security_group_ids": [
              "sg-0eb43582abb41e176"
            ]
          },
          "private": "eyJlMmJmYjczMC1lY2FhLTExZTYtOGY4OC0zNDM2M2JjN2M0YzAiOnsiY3JlYXRlIjo2MDAwMDAwMDAwMDAsImRlbGV0ZSI6MTIwMDAwMDAwMDAwMCwidXBkYXRlIjo2MDAwMDAwMDAwMDB9LCJzY2hlbWFfdmVyc2lvbiI6IjEifQ==",
          "dependencies": [
            "module.ec2_namenode.aws_instance.hadoop_os",
            "module.keypair.tls_private_key.mynewkey_for_hadoop",
            "module.sg.aws_security_group.mysg",
            "module.vpc.aws_subnet.public",
            "module.vpc.aws_vpc.ownvpc"
          ]
        },
        {
          "index_key": 2,
          "schema_version": 1,
          "attributes": {
            "ami": "ami-045e6fa7127ab1ac4",
            "arn": "arn:aws:ec2:ap-south-1:265387499748:instance/i-03e7477a51a25b3d9",
            "associate_public_ip_address": true,
            "availability_zone": "ap-south-1a",
            "cpu_core_count": 1,
            "cpu_threads_per_core": 1,
            "credit_specification": [
              {
                "cpu_credits": "standard"
              }
            ],
            "disable_api_termination": false,
            "ebs_block_device": [],
            "ebs_optimized": false,
            "enclave_options": [
              {
                "enabled": false
              }
            ],
            "ephemeral_block_device": [],
            "get_password_data": false,
            "hibernation": false,
            "host_id": null,
            "iam_instance_profile": "",
            "id": "i-03e7477a51a25b3d9",
            "instance_initiated_shutdown_behavior": null,
            "instance_state": "running",
            "instance_type": "t2.micro",
            "ipv6_address_count": 0,
            "ipv6_addresses": [],
            "key_name": "key_for_k8s_master",
            "metadata_options": [
              {
                "http_endpoint": "enabled",
                "http_put_response_hop_limit": 1,
                "http_tokens": "optional"
              }
            ],
            "monitoring": false,
            "network_interface": [],
            "outpost_arn": "",
            "password_data": "",
            "placement_group": "",
            "primary_network_interface_id": "eni-06afdf74b255c9969",
            "private_dns": "ip-192-168-0-41.ap-south-1.compute.internal",
            "private_ip": "192.168.0.41",
            "public_dns": "",
            "public_ip": "65.2.130.223",
            "root_block_device": [
              {
                "delete_on_termination": true,
                "device_name": "/dev/xvda",
                "encrypted": false,
                "iops": 100,
                "kms_key_id": "",
                "tags": {},
                "throughput": 0,
                "volume_id": "vol-0da5e80a478338730",
                "volume_size": 8,
                "volume_type": "gp2"
              }
            ],
            "secondary_private_ips": [],
            "security_groups": [],
            "source_dest_check": true,
            "subnet_id": "subnet-028149f39de06adb3",
            "tags": {
              "Name": "DataNode 2"
            },
            "tenancy": "default",
            "timeouts": null,
            "user_data": null,
            "user_data_base64": null,
            "volume_tags": null,
            "vpc_security_group_ids": [
              "sg-0eb43582abb41e176"
            ]
          },
          "private": "eyJlMmJmYjczMC1lY2FhLTExZTYtOGY4OC0zNDM2M2JjN2M0YzAiOnsiY3JlYXRlIjo2MDAwMDAwMDAwMDAsImRlbGV0ZSI6MTIwMDAwMDAwMDAwMCwidXBkYXRlIjo2MDAwMDAwMDAwMDB9LCJzY2hlbWFfdmVyc2lvbiI6IjEifQ==",
          "dependencies": [
            "module.ec2_namenode.aws_instance.hadoop_os",
            "module.keypair.tls_private_key.mynewkey_for_hadoop",
            "module.sg.aws_security_group.mysg",
            "module.vpc.aws_subnet.public",
            "module.vpc.aws_vpc.ownvpc"
          ]
        }
      ]
    },
    {
      "module": "module.ec2_tasktracker",
      "mode": "managed",
      "type": "aws_instance",
      "name": "hadoop_tasktracker",
      "each": "list",
      "provider": "provider.aws",
      "instances": [
        {
          "index_key": 0,
          "schema_version": 1,
          "attributes": {
            "ami": "ami-045e6fa7127ab1ac4",
            "arn": "arn:aws:ec2:ap-south-1:265387499748:instance/i-071c3b549f60555f6",
            "associate_public_ip_address": true,
            "availability_zone": "ap-south-1a",
            "cpu_core_count": 1,
            "cpu_threads_per_core": 1,
            "credit_specification": [
              {
                "cpu_credits": "standard"
              }
            ],
            "disable_api_termination": false,
            "ebs_block_device": [],
            "ebs_optimized": false,
            "enclave_options": [
              {
                "enabled": false
              }
            ],
            "ephemeral_block_device": [],
            "get_password_data": false,
            "hibernation": false,
            "host_id": null,
            "iam_instance_profile": "",
            "id": "i-071c3b549f60555f6",
            "instance_initiated_shutdown_behavior": null,
            "instance_state": "running",
            "instance_type": "t2.micro",
            "ipv6_address_count": 0,
            "ipv6_addresses": [],
            "key_name": "key_for_k8s_master",
            "metadata_options": [
              {
                "http_endpoint": "enabled",
                "http_put_response_hop_limit": 1,
                "http_tokens": "optional"
              }
            ],
            "monitoring": false,
            "network_interface": [],
            "outpost_arn": "",
            "password_data": "",
            "placement_group": "",
            "primary_network_interface_id": "eni-08792098dac23de25",
            "private_dns": "ip-192-168-0-150.ap-south-1.compute.internal",
            "private_ip": "192.168.0.150",
            "public_dns": "",
            "public_ip": "15.207.108.13",
            "root_block_device": [
              {
                "delete_on_termination": true,
                "device_name": "/dev/xvda",
                "encrypted": false,
                "iops": 100,
                "kms_key_id": "",
                "tags": {},
                "throughput": 0,
                "volume_id": "vol-02e9cb1f3246f0f87",
                "volume_size": 8,
                "volume_type": "gp2"
              }
            ],
            "secondary_private_ips": [],
            "security_groups": [],
            "source_dest_check": true,
            "subnet_id": "subnet-028149f39de06adb3",
            "tags": {
              "Name": "TaskTracker 0"
            },
            "tenancy": "default",
            "timeouts": null,
            "user_data": null,
            "user_data_base64": null,
            "volume_tags": null,
            "vpc_security_group_ids": [
              "sg-0eb43582abb41e176"
            ]
          },
          "private": "eyJlMmJmYjczMC1lY2FhLTExZTYtOGY4OC0zNDM2M2JjN2M0YzAiOnsiY3JlYXRlIjo2MDAwMDAwMDAwMDAsImRlbGV0ZSI6MTIwMDAwMDAwMDAwMCwidXBkYXRlIjo2MDAwMDAwMDAwMDB9LCJzY2hlbWFfdmVyc2lvbiI6IjEifQ==",
          "dependencies": [
            "module.ec2_datanode.aws_instance.hadoop_os_slave",
            "module.ec2_jobtracker.aws_instance.hadoop_os_jobtracker",
            "module.ec2_namenode.aws_instance.hadoop_os",
            "module.keypair.tls_private_key.mynewkey_for_hadoop",
            "module.sg.aws_security_group.mysg",
            "module.vpc.aws_subnet.public",
            "module.vpc.aws_vpc.ownvpc"
          ]
        },
        {
          "index_key": 1,
          "schema_version": 1,
          "attributes": {
            "ami": "ami-045e6fa7127ab1ac4",
            "arn": "arn:aws:ec2:ap-south-1:265387499748:instance/i-0325c9f6fa82d28ab",
            "associate_public_ip_address": true,
            "availability_zone": "ap-south-1a",
            "cpu_core_count": 1,
            "cpu_threads_per_core": 1,
            "credit_specification": [
              {
                "cpu_credits": "standard"
              }
            ],
            "disable_api_termination": false,
            "ebs_block_device": [],
            "ebs_optimized": false,
            "enclave_options": [
              {
                "enabled": false
              }
            ],
            "ephemeral_block_device": [],
            "get_password_data": false,
            "hibernation": false,
            "host_id": null,
            "iam_instance_profile": "",
            "id": "i-0325c9f6fa82d28ab",
            "instance_initiated_shutdown_behavior": null,
            "instance_state": "running",
            "instance_type": "t2.micro",
            "ipv6_address_count": 0,
            "ipv6_addresses": [],
            "key_name": "key_for_k8s_master",
            "metadata_options": [
              {
                "http_endpoint": "enabled",
                "http_put_response_hop_limit": 1,
                "http_tokens": "optional"
              }
            ],
            "monitoring": false,
            "network_interface": [],
            "outpost_arn": "",
            "password_data": "",
            "placement_group": "",
            "primary_network_interface_id": "eni-0bbaff3988215f9db",
            "private_dns": "ip-192-168-0-131.ap-south-1.compute.internal",
            "private_ip": "192.168.0.131",
            "public_dns": "",
            "public_ip": "13.233.212.95",
            "root_block_device": [
              {
                "delete_on_termination": true,
                "device_name": "/dev/xvda",
                "encrypted": false,
                "iops": 100,
                "kms_key_id": "",
                "tags": {},
                "throughput": 0,
                "volume_id": "vol-09ff94c38be4b8ac8",
                "volume_size": 8,
                "volume_type": "gp2"
              }
            ],
            "secondary_private_ips": [],
            "security_groups": [],
            "source_dest_check": true,
            "subnet_id": "subnet-028149f39de06adb3",
            "tags": {
              "Name": "TaskTracker 1"
            },
            "tenancy": "default",
            "timeouts": null,
            "user_data": null,
            "user_data_base64": null,
            "volume_tags": null,
            "vpc_security_group_ids": [
              "sg-0eb43582abb41e176"
            ]
          },
          "private": "eyJlMmJmYjczMC1lY2FhLTExZTYtOGY4OC0zNDM2M2JjN2M0YzAiOnsiY3JlYXRlIjo2MDAwMDAwMDAwMDAsImRlbGV0ZSI6MTIwMDAwMDAwMDAwMCwidXBkYXRlIjo2MDAwMDAwMDAwMDB9LCJzY2hlbWFfdmVyc2lvbiI6IjEifQ==",
          "dependencies": [
            "module.ec2_datanode.aws_instance.hadoop_os_slave",
            "module.ec2_jobtracker.aws_instance.hadoop_os_jobtracker",
            "module.ec2_namenode.aws_instance.hadoop_os",
            "module.keypair.tls_private_key.mynewkey_for_hadoop",
            "module.sg.aws_security_group.mysg",
            "module.vpc.aws_subnet.public",
            "module.vpc.aws_vpc.ownvpc"
          ]
        },
        {
          "index_key": 2,
          "schema_version": 1,
          "attributes": {
            "ami": "ami-045e6fa7127ab1ac4",
            "arn": "arn:aws:ec2:ap-south-1:265387499748:instance/i-0c5f689f246e5f90a",
            "associate_public_ip_address": true,
            "availability_zone": "ap-south-1a",
            "cpu_core_count": 1,
            "cpu_threads_per_core": 1,
            "credit_specification": [
              {
                "cpu_credits": "standard"
              }
            ],
            "disable_api_termination": false,
            "ebs_block_device": [],
            "ebs_optimized": false,
            "enclave_options": [
              {
                "enabled": false
              }
            ],
            "ephemeral_block_device": [],
            "get_password_data": false,
            "hibernation": false,
            "host_id": null,
            "iam_instance_profile": "",
            "id": "i-0c5f689f246e5f90a",
            "instance_initiated_shutdown_behavior": null,
            "instance_state": "running",
            "instance_type": "t2.micro",
            "ipv6_address_count": 0,
            "ipv6_addresses": [],
            "key_name": "key_for_k8s_master",
            "metadata_options": [
              {
                "http_endpoint": "enabled",
                "http_put_response_hop_limit": 1,
                "http_tokens": "optional"
              }
            ],
            "monitoring": false,
            "network_interface": [],
            "outpost_arn": "",
            "password_data": "",
            "placement_group": "",
            "primary_network_interface_id": "eni-0fc75c52ea91db754",
            "private_dns": "ip-192-168-0-30.ap-south-1.compute.internal",
            "private_ip": "192.168.0.30",
            "public_dns": "",
            "public_ip": "65.2.131.142",
            "root_block_device": [
              {
                "delete_on_termination": true,
                "device_name": "/dev/xvda",
                "encrypted": false,
                "iops": 100,
                "kms_key_id": "",
                "tags": {},
                "throughput": 0,
                "volume_id": "vol-014627705bc0605a0",
                "volume_size": 8,
                "volume_type": "gp2"
              }
            ],
            "secondary_private_ips": [],
            "security_groups": [],
            "source_dest_check": true,
            "subnet_id": "subnet-028149f39de06adb3",
            "tags": {
              "Name": "TaskTracker 2"
            },
            "tenancy": "default",
            "timeouts": null,
            "user_data": null,
            "user_data_base64": null,
            "volume_tags": null,
            "vpc_security_group_ids": [
              "sg-0eb43582abb41e176"
            ]
          },
          "private": "eyJlMmJmYjczMC1lY2FhLTExZTYtOGY4OC0zNDM2M2JjN2M0YzAiOnsiY3JlYXRlIjo2MDAwMDAwMDAwMDAsImRlbGV0ZSI6MTIwMDAwMDAwMDAwMCwidXBkYXRlIjo2MDAwMDAwMDAwMDB9LCJzY2hlbWFfdmVyc2lvbiI6IjEifQ==",
          "dependencies": [
            "module.ec2_datanode.aws_instance.hadoop_os_slave",
            "module.ec2_jobtracker.aws_instance.hadoop_os_jobtracker",
            "module.ec2_namenode.aws_instance.hadoop_os",
            "module.keypair.tls_private_key.mynewkey_for_hadoop",
            "module.sg.aws_security_group.mysg",
            "module.vpc.aws_subnet.public",
            "module.vpc.aws_vpc.ownvpc"
          ]
        }
      ]
    },
    {
      "module": "module.vpc",
      "mode": "managed",
      "type": "aws_internet_gateway",
      "name": "hadoop_gateway",
      "provider": "provider.aws",
      "instances": [
        {
          "schema_version": 0,
          "attributes": {
            "arn": "arn:aws:ec2:ap-south-1:265387499748:internet-gateway/igw-00fab5fa970310fe0",
            "id": "igw-00fab5fa970310fe0",
            "owner_id": "265387499748",
            "tags": {
              "Name": "gw_for_hadoop"
            },
            "vpc_id": "vpc-0c95173e269bc9c4e"
          },
          "private": "bnVsbA==",
          "dependencies": [
            "module.vpc.aws_subnet.public",
            "module.vpc.aws_vpc.ownvpc"
          ]
        }
      ]
    },
    {
      "module": "module.keypair",
      "mode": "managed",
      "type": "aws_key_pair",
      "name": "generated_key",
      "provider": "provider.aws",
      "instances": [
        {
          "schema_version": 1,
          "attributes": {
            "arn": "arn:aws:ec2:ap-south-1:265387499748:key-pair/key_for_k8s_master",
            "fingerprint": "db:c7:8f:32:1d:bd:03:f9:89:22:11:94:4c:05:75:a1",
            "id": "key_for_k8s_master",
            "key_name": "key_for_k8s_master",
            "key_name_prefix": null,
            "key_pair_id": "key-04c2b98347a47ac91",
            "public_key": "ssh-rsa AAAAB3NzaC1yc2EAAAADAQABAAACAQDXdaHdaZ1wDEO1MnUfYzIANWiyTR32g8dun95NvPcr7eEosGMbTym6bNsxpHXFXk2A4wQuXcD6/I5XJlk89d62DuZ+MVTRuywANrMI+889ehtL3mtWLWFsroLz6p8wwtwPhX7LpkZbLwxcfiv944+kQ432+S79P4y5XdMo8HWgG0zGSxRedKW+vFkns9ky06dFCCK6G5zI6kAvVF2O+HD+hAIlp70LLm+7ygDDwqYAKdqwQPkf9rrgzuF8lcgoFGmMcUibecTaVETDRv+5wmiN5wlXRZAYMuaJgZ0ckKS4AIEbfjbK5+Mte0I7ona8kQ9ZPaqCZwQ0A2E1jIUV54K/2MlrmzPyXdDst5abISSiCn0k7uMLt8Kq1CVDvLX+oasMo2ySaZbfau5p1WL75TmJF4fERkBKvJZhvg7MBxv1vY9axC46X/KRIHg6BbUYn8AWSzHDOuEpJ98UaVA86qp7LxyjB30W1CxK1YjO53AHAf8/xt7bZ4BPT3m/giFUIKhvZ/nTWCxOxqfbv2H4Vi5Onysj75eWe8KDZU1Qw7gln8CLE126ci4bjwCMbiYtfJ4WoUxYfKMdBgtaoQRkSmBXfZZ9ZhUI0LLloWYipXb+Tw2sOidBymohCqnmqVgAkDEepNK9fh15wvLv7BQl1P7qsI7R9iDWjLaAibBK3ydtOQ==",
            "tags": null
          },
          "private": "eyJzY2hlbWFfdmVyc2lvbiI6IjEifQ==",
          "dependencies": [
            "module.keypair.tls_private_key.mynewkey_for_hadoop"
          ]
        }
      ]
    },
    {
      "module": "module.vpc",
      "mode": "managed",
      "type": "aws_route_table",
      "name": "my_table",
      "provider": "provider.aws",
      "instances": [
        {
          "schema_version": 0,
          "attributes": {
            "arn": "arn:aws:ec2:ap-south-1:265387499748:route-table/rtb-03319b9a313061b37",
            "id": "rtb-03319b9a313061b37",
            "owner_id": "265387499748",
            "propagating_vgws": [],
            "route": [
              {
                "carrier_gateway_id": "",
                "cidr_block": "0.0.0.0/0",
                "destination_prefix_list_id": "",
                "egress_only_gateway_id": "",
                "gateway_id": "igw-00fab5fa970310fe0",
                "instance_id": "",
                "ipv6_cidr_block": "",
                "local_gateway_id": "",
                "nat_gateway_id": "",
                "network_interface_id": "",
                "transit_gateway_id": "",
                "vpc_endpoint_id": "",
                "vpc_peering_connection_id": ""
              }
            ],
            "tags": {
              "Name": "rt_for_hadoop"
            },
            "vpc_id": "vpc-0c95173e269bc9c4e"
          },
          "private": "bnVsbA==",
          "dependencies": [
            "module.vpc.aws_internet_gateway.hadoop_gateway",
            "module.vpc.aws_subnet.public",
            "module.vpc.aws_vpc.ownvpc"
          ]
        }
      ]
    },
    {
      "module": "module.vpc",
      "mode": "managed",
      "type": "aws_route_table_association",
      "name": "rta_subnet_public",
      "provider": "provider.aws",
      "instances": [
        {
          "schema_version": 0,
          "attributes": {
            "gateway_id": null,
            "id": "rtbassoc-054077da0a382c0c1",
            "route_table_id": "rtb-03319b9a313061b37",
            "subnet_id": "subnet-028149f39de06adb3"
          },
          "private": "bnVsbA==",
          "dependencies": [
            "module.vpc.aws_internet_gateway.hadoop_gateway",
            "module.vpc.aws_route_table.my_table",
            "module.vpc.aws_subnet.public",
            "module.vpc.aws_vpc.ownvpc"
          ]
        }
      ]
    },
    {
      "module": "module.sg",
      "mode": "managed",
      "type": "aws_security_group",
      "name": "mysg",
      "provider": "provider.aws",
      "instances": [
        {
          "schema_version": 1,
          "attributes": {
            "arn": "arn:aws:ec2:ap-south-1:265387499748:security-group/sg-0eb43582abb41e176",
            "description": "allow_traffic",
            "egress": [
              {
                "cidr_blocks": [
                  "0.0.0.0/0"
                ],
                "description": "",
                "from_port": 0,
                "ipv6_cidr_blocks": [],
                "prefix_list_ids": [],
                "protocol": "-1",
                "security_groups": [],
                "self": false,
                "to_port": 0
              }
            ],
            "id": "sg-0eb43582abb41e176",
            "ingress": [
              {
                "cidr_blocks": [
                  "0.0.0.0/0"
                ],
                "description": "",
                "from_port": 0,
                "ipv6_cidr_blocks": [],
                "prefix_list_ids": [],
                "protocol": "tcp",
                "security_groups": [],
                "self": false,
                "to_port": 65535
              },
              {
                "cidr_blocks": [
                  "0.0.0.0/0"
                ],
                "description": "",
                "from_port": 22,
                "ipv6_cidr_blocks": [],
                "prefix_list_ids": [],
                "protocol": "tcp",
                "security_groups": [],
                "self": false,
                "to_port": 22
              },
              {
                "cidr_blocks": [
                  "0.0.0.0/0"
                ],
                "description": "",
                "from_port": 50070,
                "ipv6_cidr_blocks": [],
                "prefix_list_ids": [],
                "protocol": "tcp",
                "security_groups": [],
                "self": false,
                "to_port": 50070
              },
              {
                "cidr_blocks": [
                  "0.0.0.0/0"
                ],
                "description": "",
                "from_port": 80,
                "ipv6_cidr_blocks": [],
                "prefix_list_ids": [],
                "protocol": "tcp",
                "security_groups": [],
                "self": false,
                "to_port": 80
              }
            ],
            "name": "security_group_for_hadoop",
            "name_prefix": "",
            "owner_id": "265387499748",
            "revoke_rules_on_delete": false,
            "tags": {
              "Name": "sg_for_hadoop"
            },
            "timeouts": null,
            "vpc_id": "vpc-0c95173e269bc9c4e"
          },
          "private": "eyJlMmJmYjczMC1lY2FhLTExZTYtOGY4OC0zNDM2M2JjN2M0YzAiOnsiY3JlYXRlIjo2MDAwMDAwMDAwMDAsImRlbGV0ZSI6OTAwMDAwMDAwMDAwfSwic2NoZW1hX3ZlcnNpb24iOiIxIn0=",
          "dependencies": [
            "module.vpc.aws_vpc.ownvpc"
          ]
        }
      ]
    },
    {
      "module": "module.vpc",
      "mode": "managed",
      "type": "aws_subnet",
      "name": "public",
      "provider": "provider.aws",
      "instances": [
        {
          "schema_version": 1,
          "attributes": {
            "arn": "arn:aws:ec2:ap-south-1:265387499748:subnet/subnet-028149f39de06adb3",
            "assign_ipv6_address_on_creation": false,
            "availability_zone": "ap-south-1a",
            "availability_zone_id": "aps1-az1",
            "cidr_block": "192.168.0.0/24",
            "customer_owned_ipv4_pool": "",
            "id": "subnet-028149f39de06adb3",
            "ipv6_cidr_block": "",
            "ipv6_cidr_block_association_id": "",
            "map_customer_owned_ip_on_launch": false,
            "map_public_ip_on_launch": false,
            "outpost_arn": "",
            "owner_id": "265387499748",
            "tags": {
              "Name": "subnet_for_hadoop"
            },
            "tags_all": {
              "Name": "subnet_for_hadoop"
            },
            "timeouts": null,
            "vpc_id": "vpc-0c95173e269bc9c4e"
          },
          "private": "eyJlMmJmYjczMC1lY2FhLTExZTYtOGY4OC0zNDM2M2JjN2M0YzAiOnsiY3JlYXRlIjo2MDAwMDAwMDAwMDAsImRlbGV0ZSI6MTIwMDAwMDAwMDAwMH0sInNjaGVtYV92ZXJzaW9uIjoiMSJ9",
          "dependencies": [
            "module.vpc.aws_vpc.ownvpc"
          ]
        }
      ]
    },
    {
      "module": "module.vpc",
      "mode": "managed",
      "type": "aws_vpc",
      "name": "ownvpc",
      "provider": "provider.aws",
      "instances": [
        {
          "schema_version": 1,
          "attributes": {
            "arn": "arn:aws:ec2:ap-south-1:265387499748:vpc/vpc-0c95173e269bc9c4e",
            "assign_generated_ipv6_cidr_block": false,
            "cidr_block": "192.168.0.0/16",
            "default_network_acl_id": "acl-0d30b6cc51b95bcbe",
            "default_route_table_id": "rtb-0f4a3fb55bb0b935d",
            "default_security_group_id": "sg-0eda00297e29e9ded",
            "dhcp_options_id": "dopt-49689022",
            "enable_classiclink": null,
            "enable_classiclink_dns_support": null,
            "enable_dns_hostnames": false,
            "enable_dns_support": true,
            "id": "vpc-0c95173e269bc9c4e",
            "instance_tenancy": "default",
            "ipv6_association_id": "",
            "ipv6_cidr_block": "",
            "main_route_table_id": "rtb-0f4a3fb55bb0b935d",
            "owner_id": "265387499748",
            "tags": {
              "Name": "vpc_for_hadoop"
            },
            "tags_all": {
              "Name": "vpc_for_hadoop"
            }
          },
          "private": "eyJzY2hlbWFfdmVyc2lvbiI6IjEifQ=="
        }
      ]
    },
    {
      "module": "module.ec2_namenode",
      "mode": "managed",
      "type": "null_resource",
      "name": "deploy_webapps",
      "provider": "provider.null",
      "instances": [
        {
          "schema_version": 0,
          "attributes": {
            "id": "2254089894480173826",
            "triggers": null
          },
          "private": "bnVsbA==",
          "dependencies": [
            "module.ec2_namenode.aws_instance.hadoop_os",
            "module.keypair.tls_private_key.mynewkey_for_hadoop",
            "module.sg.aws_security_group.mysg",
            "module.vpc.aws_subnet.public",
            "module.vpc.aws_vpc.ownvpc"
          ]
        }
      ]
    },
    {
      "module": "module.ec2_jobtracker",
      "mode": "managed",
      "type": "null_resource",
      "name": "deploy_webapps",
      "provider": "provider.null",
      "instances": [
        {
          "schema_version": 0,
          "attributes": {
            "id": "6538393360245876673",
            "triggers": null
          },
          "private": "bnVsbA==",
          "dependencies": [
            "module.ec2_datanode.aws_instance.hadoop_os_slave",
            "module.ec2_jobtracker.aws_instance.hadoop_os_jobtracker",
            "module.ec2_namenode.aws_instance.hadoop_os",
            "module.keypair.tls_private_key.mynewkey_for_hadoop",
            "module.sg.aws_security_group.mysg",
            "module.vpc.aws_subnet.public",
            "module.vpc.aws_vpc.ownvpc"
          ]
        }
      ]
    },
    {
      "module": "module.keypair",
      "mode": "managed",
      "type": "tls_private_key",
      "name": "mynewkey_for_hadoop",
      "provider": "provider.tls",
      "instances": [
        {
          "schema_version": 0,
          "attributes": {
            "algorithm": "RSA",
            "ecdsa_curve": "P224",
            "id": "40ddb012a12959dbda0243dca7d6a629a4ae325d",
            "private_key_pem": "-----BEGIN RSA PRIVATE KEY-----\nMIIJKQIBAAKCAgEA13Wh3WmdcAxDtTJ1H2MyADVosk0d9oPHbp/eTbz3K+3hKLBj\nG08pumzbMaR1xV5NgOMELl3A+vyOVyZZPPXetg7mfjFU0bssADazCPvPPXobS95r\nVi1hbK6C8+qfMMLcD4V+y6ZGWy8MXH4r/eOPpEON9vku/T+MuV3TKPB1oBtMxksU\nXnSlvrxZJ7PZMtOnRQgiuhucyOpAL1Rdjvhw/oQCJae9Cy5vu8oAw8KmACnasED5\nH/a64M7hfJXIKBRpjHFIm3nE2lREw0b/ucJojecJV0WQGDLmiYGdHJCkuACBG342\nyufjLXtCO6J2vJEPWT2qgmcENANhNYyFFeeCv9jJa5sz8l3Q7LeWmyEkogp9JO7j\nC7fCqtQlQ7y1/qGrDKNskmmW32ruadVi++U5iReHxEZASryWYb4OzAcb9b2PWsQu\nOl/ykSB4OgW1GJ/AFksxwzrhKSffFGlQPOqqey8cowd9FtQsStWIzudwBwH/P8be\n22eAT095v4IhVCCob2f501gsTsan279h+FYuTp8rI++XlnvCg2VNUMO4JZ/AixNd\nunIuG48AjG4mLXyeFqFMWHyjHQYLWqEEZEpgV32WfWYVCNCy5aFmIqV2/k8NrDon\nQcpqIQqp5qlYAJAxHqTSvX4decLy7+wUJdT+6rCO0fYg1oy2gImwSt8nbTkCAwEA\nAQKCAgEAmnVD0rySFu9T4qQHfrbX83pWUewi3MRfxhhpf4VGFIH19fttMPixS2oa\nQR5LJ3CRUyJrrumbHNLNIADn3GHOhOltp22qBqiNxKFx+7C5QrM0ulD61c62lvkL\n+9xovsYSiDYFTe0nZtr1m6D/3IS0Ruf+79x3KSnTsldmt2SajmrDwSu1sHkjEPdp\nWqL9xAgjU8OfUZfV79qupL9wSrwkFPGBsIjtZwSlKRSJM81ov5lBozUQ4y83jU4C\nLBQcZ08q03mquXqz+miK2wsc7IhH9+J2uc+umwpyZoU6om23CAmkhJcYpKFUJRjF\nxIaVZF0BidJBWDaNttPtbjwMdEWBXsGa7jGD4+YfCMJNmFaQJC77WRtT0RsJr9XY\noUQS38FcZnXfyqnfDA7nX6RQMlDxBHv3aEsgzFmUf5ji5OOP/dNrei5B9Yz3NOqV\n3BJYYHKuOKoQebQnQl/CJ6m/5gsUx15lzFPOVUlN4sDRbOtb5ihzwttotdgBxxRk\ntkmgq0FBL4OXeEsWuArsvhhR//yxL8Nz3L3UYSzGDEbq7Mra8e+VLqIM4vYFbTqe\nvUVp3c+hRmiQDldTVHowlkiBA1Esrg6w6jW/pi7JPiCq2tf+YMmJRVflEbEHYEFg\nUq1569a/n9bXCShowPFKqLnErKtvX5JoPwqwwzAErsmaq3he/WECggEBAPpHHZsZ\nSCA/LH/nDFyDBthCr9er7crU4NsF7o3DGQ4AYBTcbx4DFmdoHeBDiWpJJnaEmbAt\nDDWFRiMuFqff+B97c0BP7EEbq4/Z9uuRTctpiKBe0gCuGNzmfinEVR64Uy0q5Mps\n4A+LYMQNz9IcQpci5avvXoI55/AyzW3dVQB7zOhGImxLTYhDnvgOpImj5ElVETha\nFFMjk9CCoklCdKxmWK4G7qzWNgk/sYv7OkAwRnUEm19C7waAiqgYWLKcPb5L+00D\naargfe9HaS90V4rhQo0nuy4Urmx8b0lOJSuYysBQBVR15D3WVjlVu8LouinVIeyo\nij2oBSC8hD3nxTUCggEBANxiuVdZ9mp+77xJxNH9Rj3nBf6zfbOXXV5It2xTDIY1\nAvbG+P3pCfyV9vpuUmxy1b9zUzMKfwTHdEMJ9TVyiZeIL5r+I36By+mjVj+X0+E3\nNDpBJyVsS8R3tnk4Ug5BJuO9e/ih7B7Eyh9+eWgfyZTAlpIYJAUsxvStE3UN+K99\nIe7w8r2zEINyUpyryHTAqX7TKY8puTVBcCBU1Z0PyBsDonCyeTypQK6nJdDbGzN0\nQ7OKg/WOlWNfAC2gqo7RppUyz722oup/WRfeCa+Wbp8Q8hDwhZXz588B6FTzwpBr\nACbGe1snIqVnb3eKFKzKnmjuiLZw0qcLyTJj1P+WnHUCggEAf8x6oK1LODQqC/G2\nTTMW9q0uz2laln0XiJ/BzZ+3FoA4j85z6xZWhV0UDGVQMPbDbjeNpvmJx3aTdvlc\n1kI2mBTYqBlnoWN4uo7pWCatW9Y6zvE8ON6tkXcdK0S21mX3CxRhGcB4tVdNhS8s\nVLTbiANo1d/4GXVqKyw13AjuE74jxuOxRi05nQAyl6YafLI0qwGGNolA4adEHm/m\nYJRPsYzdcZfWnmkP1K8ygTE68HX2NGCy2fT6yw4uP2GXQTUpDhgMban1di0GAX4s\nhu/Yl/Eoo52LJh+nZXww83S05Es0FPmHjzZX4v+krchKhV+DWEMd/JOfa5Z1b97z\nhAzqlQKCAQEAq5aqG5rNwukGGyGMfrql//hpsH9rtXJ6nbgcJ9kZfTy1DBKrNnZE\n8kaIvz86KXnXdnKCKtFXSA9LNA8CvhRpkHPWLOUGGa9RZp1nv6ekrkte/KRRqE+D\nRnq2tfbl3HdZoiOb7F+WCfbKMG82c52cQ5cXJLRrByRv230OEytHnsrcqr8rIAvV\nJaLTM2yEbHK9BSO/zdl8fDxw4ptqnhj1giL4TKqIvnRBCjrVtKGDsjIprBaC26Oi\nKHaFGwFnCj+tZajkGh+jBNUWNwEHpZCInIyDDDFYsQHwUDp5+/q2V98XhRkwXi5A\nSWwZW4dExawUXjqqcvGw8aK5ieQ0qLNJKQKCAQBnImCcrCWU4FRCZMd7J5OTHb60\nioJdCYkw8T1eIvcWWKLKwWfRolw6Z8iTRQoC7VthRBHg4+HBAJOR1paIPYoTHX6K\nF8M2SFWvqlJ5ocrVABIjgiZKhVp9Glr6icIlhWHhciDrk6EI+LkiInP09tTTKqmE\naeLygFQl0S1aGLwolWSG799TtD+WleRA0Y1PA7H/wVqBqn1JJceKLhNivJxC+2/7\nfe/CtgEdF7vhoNdoycGDN4d73pHDP/03UfeCAV4ty9hqPwSUN4Yf+lIWn6xZg60r\n5BSBfhbCKD6kokPowOQ3QFpGBVWVMv4NvXv033rCh+MAtbDzRBWqQ4NgIll6\n-----END RSA PRIVATE KEY-----\n",
            "public_key_fingerprint_md5": "cb:77:d5:a3:ea:51:69:40:1e:08:1e:32:c3:9f:f8:5e",
            "public_key_openssh": "ssh-rsa AAAAB3NzaC1yc2EAAAADAQABAAACAQDXdaHdaZ1wDEO1MnUfYzIANWiyTR32g8dun95NvPcr7eEosGMbTym6bNsxpHXFXk2A4wQuXcD6/I5XJlk89d62DuZ+MVTRuywANrMI+889ehtL3mtWLWFsroLz6p8wwtwPhX7LpkZbLwxcfiv944+kQ432+S79P4y5XdMo8HWgG0zGSxRedKW+vFkns9ky06dFCCK6G5zI6kAvVF2O+HD+hAIlp70LLm+7ygDDwqYAKdqwQPkf9rrgzuF8lcgoFGmMcUibecTaVETDRv+5wmiN5wlXRZAYMuaJgZ0ckKS4AIEbfjbK5+Mte0I7ona8kQ9ZPaqCZwQ0A2E1jIUV54K/2MlrmzPyXdDst5abISSiCn0k7uMLt8Kq1CVDvLX+oasMo2ySaZbfau5p1WL75TmJF4fERkBKvJZhvg7MBxv1vY9axC46X/KRIHg6BbUYn8AWSzHDOuEpJ98UaVA86qp7LxyjB30W1CxK1YjO53AHAf8/xt7bZ4BPT3m/giFUIKhvZ/nTWCxOxqfbv2H4Vi5Onysj75eWe8KDZU1Qw7gln8CLE126ci4bjwCMbiYtfJ4WoUxYfKMdBgtaoQRkSmBXfZZ9ZhUI0LLloWYipXb+Tw2sOidBymohCqnmqVgAkDEepNK9fh15wvLv7BQl1P7qsI7R9iDWjLaAibBK3ydtOQ==\n",
            "public_key_pem": "-----BEGIN PUBLIC KEY-----\nMIICIjANBgkqhkiG9w0BAQEFAAOCAg8AMIICCgKCAgEA13Wh3WmdcAxDtTJ1H2My\nADVosk0d9oPHbp/eTbz3K+3hKLBjG08pumzbMaR1xV5NgOMELl3A+vyOVyZZPPXe\ntg7mfjFU0bssADazCPvPPXobS95rVi1hbK6C8+qfMMLcD4V+y6ZGWy8MXH4r/eOP\npEON9vku/T+MuV3TKPB1oBtMxksUXnSlvrxZJ7PZMtOnRQgiuhucyOpAL1Rdjvhw\n/oQCJae9Cy5vu8oAw8KmACnasED5H/a64M7hfJXIKBRpjHFIm3nE2lREw0b/ucJo\njecJV0WQGDLmiYGdHJCkuACBG342yufjLXtCO6J2vJEPWT2qgmcENANhNYyFFeeC\nv9jJa5sz8l3Q7LeWmyEkogp9JO7jC7fCqtQlQ7y1/qGrDKNskmmW32ruadVi++U5\niReHxEZASryWYb4OzAcb9b2PWsQuOl/ykSB4OgW1GJ/AFksxwzrhKSffFGlQPOqq\ney8cowd9FtQsStWIzudwBwH/P8be22eAT095v4IhVCCob2f501gsTsan279h+FYu\nTp8rI++XlnvCg2VNUMO4JZ/AixNdunIuG48AjG4mLXyeFqFMWHyjHQYLWqEEZEpg\nV32WfWYVCNCy5aFmIqV2/k8NrDonQcpqIQqp5qlYAJAxHqTSvX4decLy7+wUJdT+\n6rCO0fYg1oy2gImwSt8nbTkCAwEAAQ==\n-----END PUBLIC KEY-----\n",
            "rsa_bits": 4096
          },
          "private": "bnVsbA=="
        }
      ]
    }
  ]
}
